// !$*UTF8*$!
{
	archiveVersion = 1;
	classes = {
	};
	objectVersion = 56;
	objects = {

/* Begin PBXBuildFile section */
		5A8C1ABCC4CE039250122752 /* Pods_RoundedshadowButton.framework in Frameworks */ = {isa = PBXBuildFile; fileRef = E133E9451D97CC4818F69DF8 /* Pods_RoundedshadowButton.framework */; };
		BED66F8129CB56D50091F27B /* AppDelegate.swift in Sources */ = {isa = PBXBuildFile; fileRef = BED66F8029CB56D50091F27B /* AppDelegate.swift */; };
		BED66F8329CB56D50091F27B /* SceneDelegate.swift in Sources */ = {isa = PBXBuildFile; fileRef = BED66F8229CB56D50091F27B /* SceneDelegate.swift */; };
		BED66F8529CB56D50091F27B /* ViewController.swift in Sources */ = {isa = PBXBuildFile; fileRef = BED66F8429CB56D50091F27B /* ViewController.swift */; };
		BED66F8829CB56D50091F27B /* Main.storyboard in Resources */ = {isa = PBXBuildFile; fileRef = BED66F8629CB56D50091F27B /* Main.storyboard */; };
		BED66F8A29CB56D60091F27B /* Assets.xcassets in Resources */ = {isa = PBXBuildFile; fileRef = BED66F8929CB56D60091F27B /* Assets.xcassets */; };
		BED66F8D29CB56D60091F27B /* LaunchScreen.storyboard in Resources */ = {isa = PBXBuildFile; fileRef = BED66F8B29CB56D60091F27B /* LaunchScreen.storyboard */; };
		BED66F9529CB57290091F27B /* BaseButton.swift in Sources */ = {isa = PBXBuildFile; fileRef = BED66F9429CB57290091F27B /* BaseButton.swift */; };
		BED66F9729CB598F0091F27B /* RoundedShadowButton.swift in Sources */ = {isa = PBXBuildFile; fileRef = BED66F9629CB598F0091F27B /* RoundedShadowButton.swift */; };
/* End PBXBuildFile section */

/* Begin PBXFileReference section */
		6FD57D0EF126DFD3BC25DE43 /* Pods-RoundedshadowButton.release.xcconfig */ = {isa = PBXFileReference; includeInIndex = 1; lastKnownFileType = text.xcconfig; name = "Pods-RoundedshadowButton.release.xcconfig"; path = "Target Support Files/Pods-RoundedshadowButton/Pods-RoundedshadowButton.release.xcconfig"; sourceTree = "<group>"; };
		79A8AA8714451AC759540A63 /* Pods-RoundedshadowButton.debug.xcconfig */ = {isa = PBXFileReference; includeInIndex = 1; lastKnownFileType = text.xcconfig; name = "Pods-RoundedshadowButton.debug.xcconfig"; path = "Target Support Files/Pods-RoundedshadowButton/Pods-RoundedshadowButton.debug.xcconfig"; sourceTree = "<group>"; };
		BED66F7D29CB56D50091F27B /* RoundedshadowButton.app */ = {isa = PBXFileReference; explicitFileType = wrapper.application; includeInIndex = 0; path = RoundedshadowButton.app; sourceTree = BUILT_PRODUCTS_DIR; };
		BED66F8029CB56D50091F27B /* AppDelegate.swift */ = {isa = PBXFileReference; lastKnownFileType = sourcecode.swift; path = AppDelegate.swift; sourceTree = "<group>"; };
		BED66F8229CB56D50091F27B /* SceneDelegate.swift */ = {isa = PBXFileReference; lastKnownFileType = sourcecode.swift; path = SceneDelegate.swift; sourceTree = "<group>"; };
		BED66F8429CB56D50091F27B /* ViewController.swift */ = {isa = PBXFileReference; lastKnownFileType = sourcecode.swift; path = ViewController.swift; sourceTree = "<group>"; };
		BED66F8729CB56D50091F27B /* Base */ = {isa = PBXFileReference; lastKnownFileType = file.storyboard; name = Base; path = Base.lproj/Main.storyboard; sourceTree = "<group>"; };
		BED66F8929CB56D60091F27B /* Assets.xcassets */ = {isa = PBXFileReference; lastKnownFileType = folder.assetcatalog; path = Assets.xcassets; sourceTree = "<group>"; };
		BED66F8C29CB56D60091F27B /* Base */ = {isa = PBXFileReference; lastKnownFileType = file.storyboard; name = Base; path = Base.lproj/LaunchScreen.storyboard; sourceTree = "<group>"; };
		BED66F8E29CB56D60091F27B /* Info.plist */ = {isa = PBXFileReference; lastKnownFileType = text.plist.xml; path = Info.plist; sourceTree = "<group>"; };
		BED66F9429CB57290091F27B /* BaseButton.swift */ = {isa = PBXFileReference; lastKnownFileType = sourcecode.swift; path = BaseButton.swift; sourceTree = "<group>"; };
		BED66F9629CB598F0091F27B /* RoundedShadowButton.swift */ = {isa = PBXFileReference; lastKnownFileType = sourcecode.swift; path = RoundedShadowButton.swift; sourceTree = "<group>"; };
		E133E9451D97CC4818F69DF8 /* Pods_RoundedshadowButton.framework */ = {isa = PBXFileReference; explicitFileType = wrapper.framework; includeInIndex = 0; path = Pods_RoundedshadowButton.framework; sourceTree = BUILT_PRODUCTS_DIR; };
/* End PBXFileReference section */

/* Begin PBXFrameworksBuildPhase section */
		BED66F7A29CB56D50091F27B /* Frameworks */ = {
			isa = PBXFrameworksBuildPhase;
			buildActionMask = 2147483647;
			files = (
				5A8C1ABCC4CE039250122752 /* Pods_RoundedshadowButton.framework in Frameworks */,
			);
			runOnlyForDeploymentPostprocessing = 0;
		};
/* End PBXFrameworksBuildPhase section */

/* Begin PBXGroup section */
		7E0DA6B83183451BFB1C9F77 /* Pods */ = {
			isa = PBXGroup;
			children = (
				79A8AA8714451AC759540A63 /* Pods-RoundedshadowButton.debug.xcconfig */,
				6FD57D0EF126DFD3BC25DE43 /* Pods-RoundedshadowButton.release.xcconfig */,
			);
			name = Pods;
			path = Pods;
			sourceTree = "<group>";
		};
		BED66F7429CB56D50091F27B = {
			isa = PBXGroup;
			children = (
				BED66F7F29CB56D50091F27B /* RoundedshadowButton */,
				BED66F7E29CB56D50091F27B /* Products */,
				7E0DA6B83183451BFB1C9F77 /* Pods */,
				CD0AF6D5D90725CF2A353722 /* Frameworks */,
			);
			sourceTree = "<group>";
		};
		BED66F7E29CB56D50091F27B /* Products */ = {
			isa = PBXGroup;
			children = (
				BED66F7D29CB56D50091F27B /* RoundedshadowButton.app */,
			);
			name = Products;
			sourceTree = "<group>";
		};
		BED66F7F29CB56D50091F27B /* RoundedshadowButton */ = {
			isa = PBXGroup;
			children = (
				BED66F9829CB59970091F27B /* Ui */,
				BED66F8029CB56D50091F27B /* AppDelegate.swift */,
				BED66F8229CB56D50091F27B /* SceneDelegate.swift */,
				BED66F8429CB56D50091F27B /* ViewController.swift */,
				BED66F8629CB56D50091F27B /* Main.storyboard */,
				BED66F8929CB56D60091F27B /* Assets.xcassets */,
				BED66F8B29CB56D60091F27B /* LaunchScreen.storyboard */,
				BED66F8E29CB56D60091F27B /* Info.plist */,
			);
			path = RoundedshadowButton;
			sourceTree = "<group>";
		};
		BED66F9829CB59970091F27B /* Ui */ = {
			isa = PBXGroup;
			children = (
				BED66F9629CB598F0091F27B /* RoundedShadowButton.swift */,
				BED66F9429CB57290091F27B /* BaseButton.swift */,
			);
			path = Ui;
			sourceTree = "<group>";
		};
		CD0AF6D5D90725CF2A353722 /* Frameworks */ = {
			isa = PBXGroup;
			children = (
				E133E9451D97CC4818F69DF8 /* Pods_RoundedshadowButton.framework */,
			);
			name = Frameworks;
			sourceTree = "<group>";
		};
/* End PBXGroup section */

/* Begin PBXNativeTarget section */
		BED66F7C29CB56D50091F27B /* RoundedshadowButton */ = {
			isa = PBXNativeTarget;
			buildConfigurationList = BED66F9129CB56D60091F27B /* Build configuration list for PBXNativeTarget "RoundedshadowButton" */;
			buildPhases = (
				E7FAB0D7DAC05C4E31C6E086 /* [CP] Check Pods Manifest.lock */,
				BED66F7929CB56D50091F27B /* Sources */,
				BED66F7A29CB56D50091F27B /* Frameworks */,
				BED66F7B29CB56D50091F27B /* Resources */,
				A0C8F2C045DBDE607EF12D22 /* [CP] Embed Pods Frameworks */,
			);
			buildRules = (
			);
			dependencies = (
			);
			name = RoundedshadowButton;
			productName = RoundedshadowButton;
			productReference = BED66F7D29CB56D50091F27B /* RoundedshadowButton.app */;
			productType = "com.apple.product-type.application";
		};
/* End PBXNativeTarget section */

/* Begin PBXProject section */
		BED66F7529CB56D50091F27B /* Project object */ = {
			isa = PBXProject;
			attributes = {
				BuildIndependentTargetsInParallel = 1;
				LastSwiftUpdateCheck = 1420;
				LastUpgradeCheck = 1420;
				TargetAttributes = {
					BED66F7C29CB56D50091F27B = {
						CreatedOnToolsVersion = 14.2;
					};
				};
			};
			buildConfigurationList = BED66F7829CB56D50091F27B /* Build configuration list for PBXProject "RoundedshadowButton" */;
			compatibilityVersion = "Xcode 14.0";
			developmentRegion = en;
			hasScannedForEncodings = 0;
			knownRegions = (
				en,
				Base,
			);
			mainGroup = BED66F7429CB56D50091F27B;
			productRefGroup = BED66F7E29CB56D50091F27B /* Products */;
			projectDirPath = "";
			projectRoot = "";
			targets = (
				BED66F7C29CB56D50091F27B /* RoundedshadowButton */,
			);
		};
/* End PBXProject section */

/* Begin PBXResourcesBuildPhase section */
		BED66F7B29CB56D50091F27B /* Resources */ = {
			isa = PBXResourcesBuildPhase;
			buildActionMask = 2147483647;
			files = (
				BED66F8D29CB56D60091F27B /* LaunchScreen.storyboard in Resources */,
				BED66F8A29CB56D60091F27B /* Assets.xcassets in Resources */,
				BED66F8829CB56D50091F27B /* Main.storyboard in Resources */,
			);
			runOnlyForDeploymentPostprocessing = 0;
		};
/* End PBXResourcesBuildPhase section */

/* Begin PBXShellScriptBuildPhase section */
		A0C8F2C045DBDE607EF12D22 /* [CP] Embed Pods Frameworks */ = {
			isa = PBXShellScriptBuildPhase;
			buildActionMask = 2147483647;
			files = (
			);
			inputFileListPaths = (
				"${PODS_ROOT}/Target Support Files/Pods-RoundedshadowButton/Pods-RoundedshadowButton-frameworks-${CONFIGURATION}-input-files.xcfilelist",
			);
			name = "[CP] Embed Pods Frameworks";
			outputFileListPaths = (
				"${PODS_ROOT}/Target Support Files/Pods-RoundedshadowButton/Pods-RoundedshadowButton-frameworks-${CONFIGURATION}-output-files.xcfilelist",
			);
			runOnlyForDeploymentPostprocessing = 0;
			shellPath = /bin/sh;
			shellScript = "\"${PODS_ROOT}/Target Support Files/Pods-RoundedshadowButton/Pods-RoundedshadowButton-frameworks.sh\"\n";
			showEnvVarsInLog = 0;
		};
		E7FAB0D7DAC05C4E31C6E086 /* [CP] Check Pods Manifest.lock */ = {
			isa = PBXShellScriptBuildPhase;
			buildActionMask = 2147483647;
			files = (
			);
			inputFileListPaths = (
			);
			inputPaths = (
				"${PODS_PODFILE_DIR_PATH}/Podfile.lock",
				"${PODS_ROOT}/Manifest.lock",
			);
			name = "[CP] Check Pods Manifest.lock";
			outputFileListPaths = (
			);
			outputPaths = (
				"$(DERIVED_FILE_DIR)/Pods-RoundedshadowButton-checkManifestLockResult.txt",
			);
			runOnlyForDeploymentPostprocessing = 0;
			shellPath = /bin/sh;
			shellScript = "diff \"${PODS_PODFILE_DIR_PATH}/Podfile.lock\" \"${PODS_ROOT}/Manifest.lock\" > /dev/null\nif [ $? != 0 ] ; then\n    # print error to STDERR\n    echo \"error: The sandbox is not in sync with the Podfile.lock. Run 'pod install' or update your CocoaPods installation.\" >&2\n    exit 1\nfi\n# This output is used by Xcode 'outputs' to avoid re-running this script phase.\necho \"SUCCESS\" > \"${SCRIPT_OUTPUT_FILE_0}\"\n";
			showEnvVarsInLog = 0;
		};
/* End PBXShellScriptBuildPhase section */

/* Begin PBXSourcesBuildPhase section */
		BED66F7929CB56D50091F27B /* Sources */ = {
			isa = PBXSourcesBuildPhase;
			buildActionMask = 2147483647;
			files = (
				BED66F8529CB56D50091F27B /* ViewController.swift in Sources */,
				BED66F9729CB598F0091F27B /* RoundedShadowButton.swift in Sources */,
				BED66F8129CB56D50091F27B /* AppDelegate.swift in Sources */,
				BED66F9529CB57290091F27B /* BaseButton.swift in Sources */,
				BED66F8329CB56D50091F27B /* SceneDelegate.swift in Sources */,
			);
			runOnlyForDeploymentPostprocessing = 0;
		};
/* End PBXSourcesBuildPhase section */

/* Begin PBXVariantGroup section */
		BED66F8629CB56D50091F27B /* Main.storyboard */ = {
			isa = PBXVariantGroup;
			children = (
				BED66F8729CB56D50091F27B /* Base */,
			);
			name = Main.storyboard;
			sourceTree = "<group>";
		};
		BED66F8B29CB56D60091F27B /* LaunchScreen.storyboard */ = {
			isa = PBXVariantGroup;
			children = (
				BED66F8C29CB56D60091F27B /* Base */,
			);
			name = LaunchScreen.storyboard;
			sourceTree = "<group>";
		};
/* End PBXVariantGroup section */

/* Begin XCBuildConfiguration section */
		BED66F8F29CB56D60091F27B /* Debug */ = {
			isa = XCBuildConfiguration;
			buildSettings = {
				ALWAYS_SEARCH_USER_PATHS = NO;
				CLANG_ANALYZER_NONNULL = YES;
				CLANG_ANALYZER_NUMBER_OBJECT_CONVERSION = YES_AGGRESSIVE;
				CLANG_CXX_LANGUAGE_STANDARD = "gnu++20";
				CLANG_ENABLE_MODULES = YES;
				CLANG_ENABLE_OBJC_ARC = YES;
				CLANG_ENABLE_OBJC_WEAK = YES;
				CLANG_WARN_BLOCK_CAPTURE_AUTORELEASING = YES;
				CLANG_WARN_BOOL_CONVERSION = YES;
				CLANG_WARN_COMMA = YES;
				CLANG_WARN_CONSTANT_CONVERSION = YES;
				CLANG_WARN_DEPRECATED_OBJC_IMPLEMENTATIONS = YES;
				CLANG_WARN_DIRECT_OBJC_ISA_USAGE = YES_ERROR;
				CLANG_WARN_DOCUMENTATION_COMMENTS = YES;
				CLANG_WARN_EMPTY_BODY = YES;
				CLANG_WARN_ENUM_CONVERSION = YES;
				CLANG_WARN_INFINITE_RECURSION = YES;
				CLANG_WARN_INT_CONVERSION = YES;
				CLANG_WARN_NON_LITERAL_NULL_CONVERSION = YES;
				CLANG_WARN_OBJC_IMPLICIT_RETAIN_SELF = YES;
				CLANG_WARN_OBJC_LITERAL_CONVERSION = YES;
				CLANG_WARN_OBJC_ROOT_CLASS = YES_ERROR;
				CLANG_WARN_QUOTED_INCLUDE_IN_FRAMEWORK_HEADER = YES;
				CLANG_WARN_RANGE_LOOP_ANALYSIS = YES;
				CLANG_WARN_STRICT_PROTOTYPES = YES;
				CLANG_WARN_SUSPICIOUS_MOVE = YES;
				CLANG_WARN_UNGUARDED_AVAILABILITY = YES_AGGRESSIVE;
				CLANG_WARN_UNREACHABLE_CODE = YES;
				CLANG_WARN__DUPLICATE_METHOD_MATCH = YES;
				COPY_PHASE_STRIP = NO;
				DEBUG_INFORMATION_FORMAT = dwarf;
				ENABLE_STRICT_OBJC_MSGSEND = YES;
				ENABLE_TESTABILITY = YES;
				GCC_C_LANGUAGE_STANDARD = gnu11;
				GCC_DYNAMIC_NO_PIC = NO;
				GCC_NO_COMMON_BLOCKS = YES;
				GCC_OPTIMIZATION_LEVEL = 0;
				GCC_PREPROCESSOR_DEFINITIONS = (
					"DEBUG=1",
					"$(inherited)",
				);
				GCC_WARN_64_TO_32_BIT_CONVERSION = YES;
				GCC_WARN_ABOUT_RETURN_TYPE = YES_ERROR;
				GCC_WARN_UNDECLARED_SELECTOR = YES;
				GCC_WARN_UNINITIALIZED_AUTOS = YES_AGGRESSIVE;
				GCC_WARN_UNUSED_FUNCTION = YES;
				GCC_WARN_UNUSED_VARIABLE = YES;
				IPHONEOS_DEPLOYMENT_TARGET = 16.2;
				MTL_ENABLE_DEBUG_INFO = INCLUDE_SOURCE;
				MTL_FAST_MATH = YES;
				ONLY_ACTIVE_ARCH = YES;
				SDKROOT = iphoneos;
				SWIFT_ACTIVE_COMPILATION_CONDITIONS = DEBUG;
				SWIFT_OPTIMIZATION_LEVEL = "-Onone";
			};
			name = Debug;
		};
		BED66F9029CB56D60091F27B /* Release */ = {
			isa = XCBuildConfiguration;
			buildSettings = {
				ALWAYS_SEARCH_USER_PATHS = NO;
				CLANG_ANALYZER_NONNULL = YES;
				CLANG_ANALYZER_NUMBER_OBJECT_CONVERSION = YES_AGGRESSIVE;
				CLANG_CXX_LANGUAGE_STANDARD = "gnu++20";
				CLANG_ENABLE_MODULES = YES;
				CLANG_ENABLE_OBJC_ARC = YES;
				CLANG_ENABLE_OBJC_WEAK = YES;
				CLANG_WARN_BLOCK_CAPTURE_AUTORELEASING = YES;
				CLANG_WARN_BOOL_CONVERSION = YES;
				CLANG_WARN_COMMA = YES;
				CLANG_WARN_CONSTANT_CONVERSION = YES;
				CLANG_WARN_DEPRECATED_OBJC_IMPLEMENTATIONS = YES;
				CLANG_WARN_DIRECT_OBJC_ISA_USAGE = YES_ERROR;
				CLANG_WARN_DOCUMENTATION_COMMENTS = YES;
				CLANG_WARN_EMPTY_BODY = YES;
				CLANG_WARN_ENUM_CONVERSION = YES;
				CLANG_WARN_INFINITE_RECURSION = YES;
				CLANG_WARN_INT_CONVERSION = YES;
				CLANG_WARN_NON_LITERAL_NULL_CONVERSION = YES;
				CLANG_WARN_OBJC_IMPLICIT_RETAIN_SELF = YES;
				CLANG_WARN_OBJC_LITERAL_CONVERSION = YES;
				CLANG_WARN_OBJC_ROOT_CLASS = YES_ERROR;
				CLANG_WARN_QUOTED_INCLUDE_IN_FRAMEWORK_HEADER = YES;
				CLANG_WARN_RANGE_LOOP_ANALYSIS = YES;
				CLANG_WARN_STRICT_PROTOTYPES = YES;
				CLANG_WARN_SUSPICIOUS_MOVE = YES;
				CLANG_WARN_UNGUARDED_AVAILABILITY = YES_AGGRESSIVE;
				CLANG_WARN_UNREACHABLE_CODE = YES;
				CLANG_WARN__DUPLICATE_METHOD_MATCH = YES;
				COPY_PHASE_STRIP = NO;
				DEBUG_INFORMATION_FORMAT = "dwarf-with-dsym";
				ENABLE_NS_ASSERTIONS = NO;
				ENABLE_STRICT_OBJC_MSGSEND = YES;
				GCC_C_LANGUAGE_STANDARD = gnu11;
				GCC_NO_COMMON_BLOCKS = YES;
				GCC_WARN_64_TO_32_BIT_CONVERSION = YES;
				GCC_WARN_ABOUT_RETURN_TYPE = YES_ERROR;
				GCC_WARN_UNDECLARED_SELECTOR = YES;
				GCC_WARN_UNINITIALIZED_AUTOS = YES_AGGRESSIVE;
				GCC_WARN_UNUSED_FUNCTION = YES;
				GCC_WARN_UNUSED_VARIABLE = YES;
				IPHONEOS_DEPLOYMENT_TARGET = 16.2;
				MTL_ENABLE_DEBUG_INFO = NO;
				MTL_FAST_MATH = YES;
				SDKROOT = iphoneos;
				SWIFT_COMPILATION_MODE = wholemodule;
				SWIFT_OPTIMIZATION_LEVEL = "-O";
				VALIDATE_PRODUCT = YES;
			};
			name = Release;
		};
		BED66F9229CB56D60091F27B /* Debug */ = {
			isa = XCBuildConfiguration;
			baseConfigurationReference = 79A8AA8714451AC759540A63 /* Pods-RoundedshadowButton.debug.xcconfig */;
			buildSettings = {
				ASSETCATALOG_COMPILER_APPICON_NAME = AppIcon;
				ASSETCATALOG_COMPILER_GLOBAL_ACCENT_COLOR_NAME = AccentColor;
				CODE_SIGN_STYLE = Automatic;
				CURRENT_PROJECT_VERSION = 1;
				GENERATE_INFOPLIST_FILE = YES;
				INFOPLIST_FILE = RoundedshadowButton/Info.plist;
				INFOPLIST_KEY_UIApplicationSupportsIndirectInputEvents = YES;
				INFOPLIST_KEY_UILaunchStoryboardName = LaunchScreen;
				INFOPLIST_KEY_UIMainStoryboardFile = Main;
				INFOPLIST_KEY_UISupportedInterfaceOrientations_iPad = "UIInterfaceOrientationPortrait UIInterfaceOrientationPortraitUpsideDown UIInterfaceOrientationLandscapeLeft UIInterfaceOrientationLandscapeRight";
				INFOPLIST_KEY_UISupportedInterfaceOrientations_iPhone = "UIInterfaceOrientationPortrait UIInterfaceOrientationLandscapeLeft UIInterfaceOrientationLandscapeRight";
				LD_RUNPATH_SEARCH_PATHS = (
					"$(inherited)",
					"@executable_path/Frameworks",
				);
				MARKETING_VERSION = 1.0;
				PRODUCT_BUNDLE_IDENTIFIER = alert.RoundedshadowButton;
				PRODUCT_NAME = "$(TARGET_NAME)";
				SWIFT_EMIT_LOC_STRINGS = YES;
				SWIFT_VERSION = 5.0;
				TARGETED_DEVICE_FAMILY = "1,2";
			};
			name = Debug;
		};
		BED66F9329CB56D60091F27B /* Release */ = {
			isa = XCBuildConfiguration;
			baseConfigurationReference = 6FD57D0EF126DFD3BC25DE43 /* Pods-RoundedshadowButton.release.xcconfig */;
			buildSettings = {
				ASSETCATALOG_COMPILER_APPICON_NAME = AppIcon;
				ASSETCATALOG_COMPILER_GLOBAL_ACCENT_COLOR_NAME = AccentColor;
				CODE_SIGN_STYLE = Automatic;
				CURRENT_PROJECT_VERSION = 1;
				GENERATE_INFOPLIST_FILE = YES;
				INFOPLIST_FILE = RoundedshadowButton/Info.plist;
				INFOPLIST_KEY_UIApplicationSupportsIndirectInputEvents = YES;
				INFOPLIST_KEY_UILaunchStoryboardName = LaunchScreen;
				INFOPLIST_KEY_UIMainStoryboardFile = Main;
				INFOPLIST_KEY_UISupportedInterfaceOrientations_iPad = "UIInterfaceOrientationPortrait UIInterfaceOrientationPortraitUpsideDown UIInterfaceOrientationLandscapeLeft UIInterfaceOrientationLandscapeRight";
				INFOPLIST_KEY_UISupportedInterfaceOrientations_iPhone = "UIInterfaceOrientationPortrait UIInterfaceOrientationLandscapeLeft UIInterfaceOrientationLandscapeRight";
				LD_RUNPATH_SEARCH_PATHS = (
					"$(inherited)",
					"@executable_path/Frameworks",
				);
				MARKETING_VERSION = 1.0;
				PRODUCT_BUNDLE_IDENTIFIER = alert.RoundedshadowButton;
				PRODUCT_NAME = "$(TARGET_NAME)";
				SWIFT_EMIT_LOC_STRINGS = YES;
				SWIFT_VERSION = 5.0;
				TARGETED_DEVICE_FAMILY = "1,2";
			};
			name = Release;
		};
/* End XCBuildConfiguration section */

/* Begin XCConfigurationList section */
		BED66F7829CB56D50091F27B /* Build configuration list for PBXProject "RoundedshadowButton" */ = {
			isa = XCConfigurationList;
			buildConfigurations = (
				BED66F8F29CB56D60091F27B /* Debug */,
				BED66F9029CB56D60091F27B /* Release */,
			);
			defaultConfigurationIsVisible = 0;
			defaultConfigurationName = Release;
		};
		BED66F9129CB56D60091F27B /* Build configuration list for PBXNativeTarget "RoundedshadowButton" */ = {
			isa = XCConfigurationList;
			buildConfigurations = (
				BED66F9229CB56D60091F27B /* Debug */,
				BED66F9329CB56D60091F27B /* Release */,
			);
			defaultConfigurationIsVisible = 0;
			defaultConfigurationName = Release;
		};
/* End XCConfigurationList section */
	};
	rootObject = BED66F7529CB56D50091F27B /* Project object */;
}
